
Microsoft Visual Studio Solution File, Format Version 12.00
# Visual Studio Version 17
VisualStudioVersion = 17.4.33213.308
MinimumVisualStudioVersion = 10.0.40219.1
Project("{FAE04EC0-301F-11D3-BF4B-00C04F79EFBC}") = "Notepad", "Notepad\Notepad.csproj", "{C3C621C4-5541-43A2-9443-4BC8700B09D7}"
EndProject
Global
	GlobalSection(SolutionConfigurationPlatforms) = preSolution
		Debug|Any CPU = Debug|Any CPU
		Release|Any CPU = Release|Any CPU
	EndGlobalSection
	GlobalSection(ProjectConfigurationPlatforms) = postSolution
		{C3C621C4-5541-43A2-9443-4BC8700B09D7}.Debug|Any CPU.ActiveCfg = Debug|Any CPU
		{C3C621C4-5541-43A2-9443-4BC8700B09D7}.Debug|Any CPU.Build.0 = Debug|Any CPU
		{C3C621C4-5541-43A2-9443-4BC8700B09D7}.Release|Any CPU.ActiveCfg = Release|Any CPU
		{C3C621C4-5541-43A2-9443-4BC8700B09D7}.Release|Any CPU.Build.0 = Release|Any CPU
	EndGlobalSection
	GlobalSection(SolutionProperties) = preSolution
		HideSolutionNode = FALSE
	EndGlobalSection
	GlobalSection(ExtensibilityGlobals) = postSolution
		SolutionGuid = {B0A5482B-7FBC-4E20-A315-A2FB15036639}
	EndGlobalSection
EndGlobal
